
Microsoft Visual Studio Solution File, Format Version 12.00
# Visual Studio Version 17
VisualStudioVersion = 17.11.35219.272
MinimumVisualStudioVersion = 10.0.40219.1
Project("{9A19103F-16F7-4668-BE54-9A1E7A4F7556}") = "Fotovoltaico.Api", "Fotovoltaico\Fotovoltaico.Api.csproj", "{9E8D80CD-7B0A-4E3D-A369-4967531ACB0C}"
EndProject
Project("{2150E333-8FDC-42A3-9474-1A3956D46DE8}") = "Itens de Solução", "Itens de Solução", "{63DCB2A9-123A-4592-8B91-8C41C2027DDD}"
	ProjectSection(SolutionItems) = preProject
		docker-compose.yml = docker-compose.yml
		README.md = README.md
	EndProjectSection
EndProject
Project("{9A19103F-16F7-4668-BE54-9A1E7A4F7556}") = "Fotovoltaico.Domain", "Fotovoltaico.Domain\Fotovoltaico.Domain.csproj", "{27633CB2-CD57-411B-9F76-BBE76CE62775}"
EndProject
Project("{9A19103F-16F7-4668-BE54-9A1E7A4F7556}") = "Fotovoltaico.Infra.CrossCutting", "Fotovoltaico.Infra.CrossCutting\Fotovoltaico.Infra.CrossCutting.csproj", "{3002E354-2FEF-4258-9FD9-F25AFC68FC6F}"
EndProject
Project("{9A19103F-16F7-4668-BE54-9A1E7A4F7556}") = "Fotovoltaico.Infra.CrossCutting.IoC", "Fotovoltaico.Infra.CrossCutting.IoC\Fotovoltaico.Infra.CrossCutting.IoC.csproj", "{5A7ADE7C-433A-47E1-AC79-FD4E1E936360}"
EndProject
Project("{9A19103F-16F7-4668-BE54-9A1E7A4F7556}") = "Fotovoltaico.Infra.Data", "Fotovoltaico.Infra.Data\Fotovoltaico.Infra.Data.csproj", "{DE72AB9A-7C82-484B-A9AB-246545AF7D60}"
EndProject
Project("{9A19103F-16F7-4668-BE54-9A1E7A4F7556}") = "Fotovoltaico.Job", "Fotovoltaico.Job\Fotovoltaico.Job.csproj", "{73EAFDE1-81A8-400E-BF42-BCAA08962E83}"
EndProject
Project("{9A19103F-16F7-4668-BE54-9A1E7A4F7556}") = "Fotovoltaico.Tests", "Fotovoltaico.Tests\Fotovoltaico.Tests.csproj", "{909F6960-1014-47EA-A0DD-126D24184EB2}"
EndProject
Project("{FAE04EC0-301F-11D3-BF4B-00C04F79EFBC}") = "Fotovoltaico.Blazor", "Fotovoltaico.Blazor\Fotovoltaico.Blazor.csproj", "{E10A8D0F-8E74-4B79-86F1-70372E2DDED3}"
EndProject
Global
	GlobalSection(SolutionConfigurationPlatforms) = preSolution
		Debug|Any CPU = Debug|Any CPU
		Release|Any CPU = Release|Any CPU
	EndGlobalSection
	GlobalSection(ProjectConfigurationPlatforms) = postSolution
		{9E8D80CD-7B0A-4E3D-A369-4967531ACB0C}.Debug|Any CPU.ActiveCfg = Debug|Any CPU
		{9E8D80CD-7B0A-4E3D-A369-4967531ACB0C}.Debug|Any CPU.Build.0 = Debug|Any CPU
		{9E8D80CD-7B0A-4E3D-A369-4967531ACB0C}.Release|Any CPU.ActiveCfg = Release|Any CPU
		{9E8D80CD-7B0A-4E3D-A369-4967531ACB0C}.Release|Any CPU.Build.0 = Release|Any CPU
		{27633CB2-CD57-411B-9F76-BBE76CE62775}.Debug|Any CPU.ActiveCfg = Debug|Any CPU
		{27633CB2-CD57-411B-9F76-BBE76CE62775}.Debug|Any CPU.Build.0 = Debug|Any CPU
		{27633CB2-CD57-411B-9F76-BBE76CE62775}.Release|Any CPU.ActiveCfg = Release|Any CPU
		{27633CB2-CD57-411B-9F76-BBE76CE62775}.Release|Any CPU.Build.0 = Release|Any CPU
		{3002E354-2FEF-4258-9FD9-F25AFC68FC6F}.Debug|Any CPU.ActiveCfg = Debug|Any CPU
		{3002E354-2FEF-4258-9FD9-F25AFC68FC6F}.Debug|Any CPU.Build.0 = Debug|Any CPU
		{3002E354-2FEF-4258-9FD9-F25AFC68FC6F}.Release|Any CPU.ActiveCfg = Release|Any CPU
		{3002E354-2FEF-4258-9FD9-F25AFC68FC6F}.Release|Any CPU.Build.0 = Release|Any CPU
		{5A7ADE7C-433A-47E1-AC79-FD4E1E936360}.Debug|Any CPU.ActiveCfg = Debug|Any CPU
		{5A7ADE7C-433A-47E1-AC79-FD4E1E936360}.Debug|Any CPU.Build.0 = Debug|Any CPU
		{5A7ADE7C-433A-47E1-AC79-FD4E1E936360}.Release|Any CPU.ActiveCfg = Release|Any CPU
		{5A7ADE7C-433A-47E1-AC79-FD4E1E936360}.Release|Any CPU.Build.0 = Release|Any CPU
		{DE72AB9A-7C82-484B-A9AB-246545AF7D60}.Debug|Any CPU.ActiveCfg = Debug|Any CPU
		{DE72AB9A-7C82-484B-A9AB-246545AF7D60}.Debug|Any CPU.Build.0 = Debug|Any CPU
		{DE72AB9A-7C82-484B-A9AB-246545AF7D60}.Release|Any CPU.ActiveCfg = Release|Any CPU
		{DE72AB9A-7C82-484B-A9AB-246545AF7D60}.Release|Any CPU.Build.0 = Release|Any CPU
		{73EAFDE1-81A8-400E-BF42-BCAA08962E83}.Debug|Any CPU.ActiveCfg = Debug|Any CPU
		{73EAFDE1-81A8-400E-BF42-BCAA08962E83}.Debug|Any CPU.Build.0 = Debug|Any CPU
		{73EAFDE1-81A8-400E-BF42-BCAA08962E83}.Release|Any CPU.ActiveCfg = Release|Any CPU
		{73EAFDE1-81A8-400E-BF42-BCAA08962E83}.Release|Any CPU.Build.0 = Release|Any CPU
		{909F6960-1014-47EA-A0DD-126D24184EB2}.Debug|Any CPU.ActiveCfg = Debug|Any CPU
		{909F6960-1014-47EA-A0DD-126D24184EB2}.Debug|Any CPU.Build.0 = Debug|Any CPU
		{909F6960-1014-47EA-A0DD-126D24184EB2}.Release|Any CPU.ActiveCfg = Release|Any CPU
		{909F6960-1014-47EA-A0DD-126D24184EB2}.Release|Any CPU.Build.0 = Release|Any CPU
		{E10A8D0F-8E74-4B79-86F1-70372E2DDED3}.Debug|Any CPU.ActiveCfg = Debug|Any CPU
		{E10A8D0F-8E74-4B79-86F1-70372E2DDED3}.Debug|Any CPU.Build.0 = Debug|Any CPU
		{E10A8D0F-8E74-4B79-86F1-70372E2DDED3}.Release|Any CPU.ActiveCfg = Release|Any CPU
		{E10A8D0F-8E74-4B79-86F1-70372E2DDED3}.Release|Any CPU.Build.0 = Release|Any CPU
	EndGlobalSection
	GlobalSection(SolutionProperties) = preSolution
		HideSolutionNode = FALSE
	EndGlobalSection
	GlobalSection(ExtensibilityGlobals) = postSolution
		SolutionGuid = {C6AA379E-7F26-45DA-997A-6FA8261EB534}
	EndGlobalSection
EndGlobal
